{
  "name": "test5",
  "lockfileVersion": 2,
  "requires": true,
  "packages": {
    "": {
      "dependencies": {
        "@googlemaps/markerwithlabel": "^1.2.2"
      }
    },
    "node_modules/@googlemaps/markerwithlabel": {
      "version": "1.2.2",
      "resolved": "https://registry.npmjs.org/@googlemaps/markerwithlabel/-/markerwithlabel-1.2.2.tgz",
      "integrity": "sha512-rQuT071uoYFaxCPQSIEvWjNquwJsURz/u3RNFFT/rpruPMpXBZnvutf55jMLjEHeCKwK3VIyXWiKASjuyKyBAg=="
    }
  },
  "dependencies": {
    "@googlemaps/markerwithlabel": {
      "version": "1.2.2",
      "resolved": "https://registry.npmjs.org/@googlemaps/markerwithlabel/-/markerwithlabel-1.2.2.tgz",
      "integrity": "sha512-rQuT071uoYFaxCPQSIEvWjNquwJsURz/u3RNFFT/rpruPMpXBZnvutf55jMLjEHeCKwK3VIyXWiKASjuyKyBAg=="
    }
  }
}
